
Microsoft Visual Studio Solution File, Format Version 12.00
# Visual Studio Version 16
VisualStudioVersion = 16.0.30717.126
MinimumVisualStudioVersion = 10.0.40219.1
Project("{2150E333-8FDC-42A3-9474-1A3956D46DE8}") = ".sln", ".sln", "{85752EAC-664A-4869-A141-3C70159101B2}"
	ProjectSection(SolutionItems) = preProject
		..\.editorconfig = ..\.editorconfig
		..\.gitignore = ..\.gitignore
		..\LICENSE = ..\LICENSE
		..\.github\workflows\publish.yml = ..\.github\workflows\publish.yml
		..\README.md = ..\README.md
		..\version.json = ..\version.json
	EndProjectSection
EndProject
Project("{9A19103F-16F7-4668-BE54-9A1E7A4F7556}") = "FFT.CRC", "FFT.CRC\FFT.CRC.csproj", "{40AD2A34-9972-4BE0-834D-955660E85EB9}"
EndProject
Global
	GlobalSection(SolutionConfigurationPlatforms) = preSolution
		Debug|Any CPU = Debug|Any CPU
		Release|Any CPU = Release|Any CPU
	EndGlobalSection
	GlobalSection(ProjectConfigurationPlatforms) = postSolution
		{40AD2A34-9972-4BE0-834D-955660E85EB9}.Debug|Any CPU.ActiveCfg = Debug|Any CPU
		{40AD2A34-9972-4BE0-834D-955660E85EB9}.Debug|Any CPU.Build.0 = Debug|Any CPU
		{40AD2A34-9972-4BE0-834D-955660E85EB9}.Release|Any CPU.ActiveCfg = Release|Any CPU
		{40AD2A34-9972-4BE0-834D-955660E85EB9}.Release|Any CPU.Build.0 = Release|Any CPU
	EndGlobalSection
	GlobalSection(SolutionProperties) = preSolution
		HideSolutionNode = FALSE
	EndGlobalSection
	GlobalSection(ExtensibilityGlobals) = postSolution
		SolutionGuid = {36BD762C-C983-4CDD-8DFC-14C92CF5FA33}
	EndGlobalSection
EndGlobal
